
Microsoft Visual Studio Solution File, Format Version 12.00
# Visual Studio 14
VisualStudioVersion = 14.0.25420.1
MinimumVisualStudioVersion = 10.0.40219.1
Project("{2150E333-8FDC-42A3-9474-1A3956D46DE8}") = "Support", "Support", "{39C6926E-C793-4496-A332-75843DDFFB41}"
EndProject
Project("{2150E333-8FDC-42A3-9474-1A3956D46DE8}") = "DTO", "DTO", "{CF5C1526-DA4D-4A18-93DC-48CBFE37E5D3}"
EndProject
Project("{2150E333-8FDC-42A3-9474-1A3956D46DE8}") = "Common", "Common", "{179D4B78-4D0B-4555-84A0-EB58CC8376FA}"
EndProject
Project("{2150E333-8FDC-42A3-9474-1A3956D46DE8}") = "Service", "Service", "{D69ABBC0-EF17-45A6-B2D0-D249249319B5}"
EndProject
Project("{2150E333-8FDC-42A3-9474-1A3956D46DE8}") = "OutterServiceAccess", "OutterServiceAccess", "{4086EF81-43B3-4BF0-80F2-C1A54AC3C67C}"
EndProject
Project("{2150E333-8FDC-42A3-9474-1A3956D46DE8}") = "Config", "Config", "{B8B9AAAE-F975-4E2B-B27C-B3C9D430AF50}"
EndProject
Project("{2150E333-8FDC-42A3-9474-1A3956D46DE8}") = "ServiceModel", "ServiceModel", "{224E6D7E-74B0-48C9-BA5F-E76CA252AA69}"
EndProject
Project("{FAE04EC0-301F-11D3-BF4B-00C04F79EFBC}") = "Sparticle.Common", "Common\Sparticle.Common\Sparticle.Common.csproj", "{A4B01CF8-C59F-4C74-A67B-24F47DE07C17}"
EndProject
Project("{FAE04EC0-301F-11D3-BF4B-00C04F79EFBC}") = "Sparticle.Request", "DTO\Sparticle.Request\Sparticle.Request.csproj", "{B6DE123B-1D0E-488B-9921-34F935CE3AB5}"
EndProject
Project("{FAE04EC0-301F-11D3-BF4B-00C04F79EFBC}") = "Sparticle.Request.Context", "DTO\Sparticle.Request.Context\Sparticle.Request.Context.csproj", "{7F050A2B-CCBA-4D15-8739-1D1CF3205916}"
EndProject
Project("{FAE04EC0-301F-11D3-BF4B-00C04F79EFBC}") = "Sparticle.Response", "DTO\Sparticle.Response\Sparticle.Response.csproj", "{EDF6325E-49DC-4CA8-8CFB-8B7C381187E6}"
EndProject
Project("{FAE04EC0-301F-11D3-BF4B-00C04F79EFBC}") = "Sparticle.Service", "Service\Sparticle.Service\Sparticle.Service.csproj", "{80893830-605A-4EA0-BD29-07D403F7D62B}"
EndProject
Project("{FAE04EC0-301F-11D3-BF4B-00C04F79EFBC}") = "Sparticle.Config.Types", "Config\Sparticle.Config.Types\Sparticle.Config.Types.csproj", "{27538EF2-8FC5-4F38-A7EF-BF4B5BC63936}"
EndProject
Project("{FAE04EC0-301F-11D3-BF4B-00C04F79EFBC}") = "Sparticle.Service.Handler", "Service\Sparticle.Service.Handler\Sparticle.Service.Handler.csproj", "{F14B2B32-FA21-4F6D-B7E7-986750BACFD4}"
EndProject
Project("{FAE04EC0-301F-11D3-BF4B-00C04F79EFBC}") = "Sparticle.Result", "Common\Sparticle.Result\Sparticle.Result.csproj", "{2AC07AA3-7247-4017-A625-524428DC7A6C}"
EndProject
Project("{2150E333-8FDC-42A3-9474-1A3956D46DE8}") = "Example", "Example", "{E0884A4E-269B-45FE-BCE9-3B8EC55EDFEC}"
EndProject
Project("{FAE04EC0-301F-11D3-BF4B-00C04F79EFBC}") = "Sparticle.Service.Example", "Example\Sparticle.Service.Example\Sparticle.Service.Example.csproj", "{55426480-99A2-4136-A9E8-0BC301DDFE5B}"
EndProject
Project("{FAE04EC0-301F-11D3-BF4B-00C04F79EFBC}") = "Sparticle.Service.Interface.Example", "Example\Sparticle.Service.Interface.Example\Sparticle.Service.Interface.Example.csproj", "{A126D774-C758-413F-9C7A-62F3D0B18984}"
EndProject
Project("{FAE04EC0-301F-11D3-BF4B-00C04F79EFBC}") = "Sparticle.Api.Mvc.Example", "Example\Sparticle.Api.Mvc.Example\Sparticle.Api.Mvc.Example.csproj", "{D0A63268-2F8A-42FC-8C97-8389BCB29FFE}"
EndProject
Project("{FAE04EC0-301F-11D3-BF4B-00C04F79EFBC}") = "Sparticle.Api.Mvc.Example.Tests", "Example\Sparticle.Api.Mvc.Example.Tests\Sparticle.Api.Mvc.Example.Tests.csproj", "{FEA7C2C3-D1E5-418B-ADC3-A62422099799}"
EndProject
Project("{FAE04EC0-301F-11D3-BF4B-00C04F79EFBC}") = "Sparticle.Service.Handler.Recommand", "Service\Sparticle.Service.Handler.Recommand\Sparticle.Service.Handler.Recommand.csproj", "{42788321-608C-4489-884F-A1237A230C96}"
EndProject
Project("{2150E333-8FDC-42A3-9474-1A3956D46DE8}") = "NoSql", "NoSql", "{26385C47-B410-40C9-89A0-9A462C8C7C2E}"
EndProject
Project("{2150E333-8FDC-42A3-9474-1A3956D46DE8}") = "Log", "Log", "{3D10CF7A-237B-4FE5-9ACD-61D8F2CF10B6}"
EndProject
Project("{FAE04EC0-301F-11D3-BF4B-00C04F79EFBC}") = "Sparticle.Support.NoSql.CouchBase", "Support\NoSql\Sparticle.Support.NoSql.CouchBase\Sparticle.Support.NoSql.CouchBase.csproj", "{30311D6C-9AED-4634-A56E-40FAA8776FFE}"
EndProject
Project("{FAE04EC0-301F-11D3-BF4B-00C04F79EFBC}") = "Sparticle.Support.NoSql.MongoDb", "Support\NoSql\Sparticle.Support.NoSql.MongoDb\Sparticle.Support.NoSql.MongoDb.csproj", "{AD8C5C45-EAF4-44F4-8C3B-C076F0F4F0D2}"
EndProject
Project("{FAE04EC0-301F-11D3-BF4B-00C04F79EFBC}") = "Sparticle.Support.NoSql.Redis", "Support\NoSql\Sparticle.Support.NoSql.Redis\Sparticle.Support.NoSql.Redis.csproj", "{B58F9386-2948-4835-8962-368A82CC26D9}"
EndProject
Project("{FAE04EC0-301F-11D3-BF4B-00C04F79EFBC}") = "Sparticle.Support.Logger", "Support\Log\Sparticle.Support.Logger\Sparticle.Support.Logger.csproj", "{0340A3FD-02A3-440D-B339-E9814492638E}"
EndProject
Project("{FAE04EC0-301F-11D3-BF4B-00C04F79EFBC}") = "Sparticle.SAL", "OutterServiceAccess\Sparticle.SAL\Sparticle.SAL.csproj", "{21A5489B-2A56-4357-B570-E87E1DB9F3E6}"
EndProject
Project("{FAE04EC0-301F-11D3-BF4B-00C04F79EFBC}") = "Sparticle.OutterService.Wcf.Example", "Example\Sparticle.OutterService.Wcf.Example\Sparticle.OutterService.Wcf.Example.csproj", "{A5724EBD-FE23-47B4-8B71-BEEE685983DC}"
EndProject
Project("{FAE04EC0-301F-11D3-BF4B-00C04F79EFBC}") = "Sparticle.SAL.Example", "Example\Sparticle.SAL.Example\Sparticle.SAL.Example.csproj", "{A4931E8D-B8EF-496F-BFFE-7D5BDD8CCC21}"
	ProjectSection(ProjectDependencies) = postProject
		{AB630284-3CB8-4E5A-88C5-ECAFACE9F322} = {AB630284-3CB8-4E5A-88C5-ECAFACE9F322}
	EndProjectSection
EndProject
Project("{FAE04EC0-301F-11D3-BF4B-00C04F79EFBC}") = "Sparticle.DTO.Example", "Example\Sparticle.DTO.Example\Sparticle.DTO.Example.csproj", "{A52D6130-B814-419A-9DD2-524B97512DE6}"
EndProject
Project("{FAE04EC0-301F-11D3-BF4B-00C04F79EFBC}") = "Sparticle.OutterService.Wcf.Example.Interface", "Example\Sparticle.OutterService.Wcf.Example.Interface\Sparticle.OutterService.Wcf.Example.Interface.csproj", "{4B62E13D-EFB1-43E1-96FA-810E390C9E13}"
EndProject
Project("{2150E333-8FDC-42A3-9474-1A3956D46DE8}") = "Cache", "Cache", "{A84EC631-EDBC-47FF-8A5C-8674747D0AF1}"
EndProject
Project("{FAE04EC0-301F-11D3-BF4B-00C04F79EFBC}") = "Sparticle.Cache", "Support\Cache\Sparticle.Cache\Sparticle.Cache.csproj", "{83EF5B45-4876-484B-9ACC-4F059DC67E7A}"
EndProject
Project("{FAE04EC0-301F-11D3-BF4B-00C04F79EFBC}") = "Sparticle.SAL.Wcf", "OutterServiceAccess\Sparticle.SAL.Wcf\Sparticle.SAL.Wcf.csproj", "{2DCB17C6-F271-4CAE-98E1-FB31657B78FC}"
EndProject
Project("{FAE04EC0-301F-11D3-BF4B-00C04F79EFBC}") = "Sparticle.Config.MessageCollection", "Config\Sparticle.Config.MessageCollection\Sparticle.Config.MessageCollection.csproj", "{543C6C85-A8B8-4A13-9123-A5EE35353794}"
EndProject
Project("{FAE04EC0-301F-11D3-BF4B-00C04F79EFBC}") = "Sparticle.Config.LocalSetting", "Config\Sparticle.Config.LocalSetting\Sparticle.Config.LocalSetting.csproj", "{2CB17517-D111-4DFE-9FDB-1730D2DE4F2D}"
EndProject
Project("{2150E333-8FDC-42A3-9474-1A3956D46DE8}") = "ServiceFound", "ServiceFound", "{6253DA20-1163-4D35-A88C-B905573E23FA}"
EndProject
Project("{FAE04EC0-301F-11D3-BF4B-00C04F79EFBC}") = "Sparticle.ServiceCollection.Wcf", "Support\ServiceFound\Sparticle.ServiceCollection.Wcf\Sparticle.ServiceCollection.Wcf.csproj", "{AB630284-3CB8-4E5A-88C5-ECAFACE9F322}"
EndProject
Project("{FAE04EC0-301F-11D3-BF4B-00C04F79EFBC}") = "Sparticle.ServiceCollection.Interface", "Support\ServiceFound\Sparticle.ServiceCollection.Interface\Sparticle.ServiceCollection.Interface.csproj", "{C792E385-74C4-470E-A077-9D9374973ABD}"
EndProject
Project("{FAE04EC0-301F-11D3-BF4B-00C04F79EFBC}") = "Sparticle.ServiceKeeper.Interface", "Support\ServiceFound\Sparticle.ServiceKeeper.Interface\Sparticle.ServiceKeeper.Interface.csproj", "{02877F42-1497-4B9F-8A7E-199A7B51DF69}"
EndProject
Project("{FAE04EC0-301F-11D3-BF4B-00C04F79EFBC}") = "Sparticle.ServiceKeeper.Wcf", "Support\ServiceFound\Sparticle.ServiceKeeper.Wcf\Sparticle.ServiceKeeper.Wcf\Sparticle.ServiceKeeper.Wcf.csproj", "{A32184AA-E0B8-47FC-96A9-73415DCB344F}"
EndProject
Project("{2150E333-8FDC-42A3-9474-1A3956D46DE8}") = "Solution Items", "Solution Items", "{87211A6F-3224-401F-81B2-0D063B31E389}"
	ProjectSection(SolutionItems) = preProject
		Local.testsettings = Local.testsettings
	EndProjectSection
EndProject
Global
	GlobalSection(SolutionConfigurationPlatforms) = preSolution
		Debug|Any CPU = Debug|Any CPU
		Release|Any CPU = Release|Any CPU
	EndGlobalSection
	GlobalSection(ProjectConfigurationPlatforms) = postSolution
		{A4B01CF8-C59F-4C74-A67B-24F47DE07C17}.Debug|Any CPU.ActiveCfg = Debug|Any CPU
		{A4B01CF8-C59F-4C74-A67B-24F47DE07C17}.Debug|Any CPU.Build.0 = Debug|Any CPU
		{A4B01CF8-C59F-4C74-A67B-24F47DE07C17}.Release|Any CPU.ActiveCfg = Release|Any CPU
		{A4B01CF8-C59F-4C74-A67B-24F47DE07C17}.Release|Any CPU.Build.0 = Release|Any CPU
		{B6DE123B-1D0E-488B-9921-34F935CE3AB5}.Debug|Any CPU.ActiveCfg = Debug|Any CPU
		{B6DE123B-1D0E-488B-9921-34F935CE3AB5}.Debug|Any CPU.Build.0 = Debug|Any CPU
		{B6DE123B-1D0E-488B-9921-34F935CE3AB5}.Release|Any CPU.ActiveCfg = Release|Any CPU
		{B6DE123B-1D0E-488B-9921-34F935CE3AB5}.Release|Any CPU.Build.0 = Release|Any CPU
		{7F050A2B-CCBA-4D15-8739-1D1CF3205916}.Debug|Any CPU.ActiveCfg = Debug|Any CPU
		{7F050A2B-CCBA-4D15-8739-1D1CF3205916}.Debug|Any CPU.Build.0 = Debug|Any CPU
		{7F050A2B-CCBA-4D15-8739-1D1CF3205916}.Release|Any CPU.ActiveCfg = Release|Any CPU
		{7F050A2B-CCBA-4D15-8739-1D1CF3205916}.Release|Any CPU.Build.0 = Release|Any CPU
		{EDF6325E-49DC-4CA8-8CFB-8B7C381187E6}.Debug|Any CPU.ActiveCfg = Debug|Any CPU
		{EDF6325E-49DC-4CA8-8CFB-8B7C381187E6}.Debug|Any CPU.Build.0 = Debug|Any CPU
		{EDF6325E-49DC-4CA8-8CFB-8B7C381187E6}.Release|Any CPU.ActiveCfg = Release|Any CPU
		{EDF6325E-49DC-4CA8-8CFB-8B7C381187E6}.Release|Any CPU.Build.0 = Release|Any CPU
		{80893830-605A-4EA0-BD29-07D403F7D62B}.Debug|Any CPU.ActiveCfg = Debug|Any CPU
		{80893830-605A-4EA0-BD29-07D403F7D62B}.Debug|Any CPU.Build.0 = Debug|Any CPU
		{80893830-605A-4EA0-BD29-07D403F7D62B}.Release|Any CPU.ActiveCfg = Release|Any CPU
		{80893830-605A-4EA0-BD29-07D403F7D62B}.Release|Any CPU.Build.0 = Release|Any CPU
		{27538EF2-8FC5-4F38-A7EF-BF4B5BC63936}.Debug|Any CPU.ActiveCfg = Debug|Any CPU
		{27538EF2-8FC5-4F38-A7EF-BF4B5BC63936}.Debug|Any CPU.Build.0 = Debug|Any CPU
		{27538EF2-8FC5-4F38-A7EF-BF4B5BC63936}.Release|Any CPU.ActiveCfg = Release|Any CPU
		{27538EF2-8FC5-4F38-A7EF-BF4B5BC63936}.Release|Any CPU.Build.0 = Release|Any CPU
		{F14B2B32-FA21-4F6D-B7E7-986750BACFD4}.Debug|Any CPU.ActiveCfg = Debug|Any CPU
		{F14B2B32-FA21-4F6D-B7E7-986750BACFD4}.Debug|Any CPU.Build.0 = Debug|Any CPU
		{F14B2B32-FA21-4F6D-B7E7-986750BACFD4}.Release|Any CPU.ActiveCfg = Release|Any CPU
		{F14B2B32-FA21-4F6D-B7E7-986750BACFD4}.Release|Any CPU.Build.0 = Release|Any CPU
		{2AC07AA3-7247-4017-A625-524428DC7A6C}.Debug|Any CPU.ActiveCfg = Debug|Any CPU
		{2AC07AA3-7247-4017-A625-524428DC7A6C}.Debug|Any CPU.Build.0 = Debug|Any CPU
		{2AC07AA3-7247-4017-A625-524428DC7A6C}.Release|Any CPU.ActiveCfg = Release|Any CPU
		{2AC07AA3-7247-4017-A625-524428DC7A6C}.Release|Any CPU.Build.0 = Release|Any CPU
		{55426480-99A2-4136-A9E8-0BC301DDFE5B}.Debug|Any CPU.ActiveCfg = Debug|Any CPU
		{55426480-99A2-4136-A9E8-0BC301DDFE5B}.Debug|Any CPU.Build.0 = Debug|Any CPU
		{55426480-99A2-4136-A9E8-0BC301DDFE5B}.Release|Any CPU.ActiveCfg = Release|Any CPU
		{55426480-99A2-4136-A9E8-0BC301DDFE5B}.Release|Any CPU.Build.0 = Release|Any CPU
		{A126D774-C758-413F-9C7A-62F3D0B18984}.Debug|Any CPU.ActiveCfg = Debug|Any CPU
		{A126D774-C758-413F-9C7A-62F3D0B18984}.Debug|Any CPU.Build.0 = Debug|Any CPU
		{A126D774-C758-413F-9C7A-62F3D0B18984}.Release|Any CPU.ActiveCfg = Release|Any CPU
		{A126D774-C758-413F-9C7A-62F3D0B18984}.Release|Any CPU.Build.0 = Release|Any CPU
		{D0A63268-2F8A-42FC-8C97-8389BCB29FFE}.Debug|Any CPU.ActiveCfg = Debug|Any CPU
		{D0A63268-2F8A-42FC-8C97-8389BCB29FFE}.Debug|Any CPU.Build.0 = Debug|Any CPU
		{D0A63268-2F8A-42FC-8C97-8389BCB29FFE}.Release|Any CPU.ActiveCfg = Release|Any CPU
		{D0A63268-2F8A-42FC-8C97-8389BCB29FFE}.Release|Any CPU.Build.0 = Release|Any CPU
		{FEA7C2C3-D1E5-418B-ADC3-A62422099799}.Debug|Any CPU.ActiveCfg = Debug|Any CPU
		{FEA7C2C3-D1E5-418B-ADC3-A62422099799}.Debug|Any CPU.Build.0 = Debug|Any CPU
		{FEA7C2C3-D1E5-418B-ADC3-A62422099799}.Release|Any CPU.ActiveCfg = Release|Any CPU
		{FEA7C2C3-D1E5-418B-ADC3-A62422099799}.Release|Any CPU.Build.0 = Release|Any CPU
		{42788321-608C-4489-884F-A1237A230C96}.Debug|Any CPU.ActiveCfg = Debug|Any CPU
		{42788321-608C-4489-884F-A1237A230C96}.Debug|Any CPU.Build.0 = Debug|Any CPU
		{42788321-608C-4489-884F-A1237A230C96}.Release|Any CPU.ActiveCfg = Release|Any CPU
		{42788321-608C-4489-884F-A1237A230C96}.Release|Any CPU.Build.0 = Release|Any CPU
		{30311D6C-9AED-4634-A56E-40FAA8776FFE}.Debug|Any CPU.ActiveCfg = Debug|Any CPU
		{30311D6C-9AED-4634-A56E-40FAA8776FFE}.Debug|Any CPU.Build.0 = Debug|Any CPU
		{30311D6C-9AED-4634-A56E-40FAA8776FFE}.Release|Any CPU.ActiveCfg = Release|Any CPU
		{30311D6C-9AED-4634-A56E-40FAA8776FFE}.Release|Any CPU.Build.0 = Release|Any CPU
		{AD8C5C45-EAF4-44F4-8C3B-C076F0F4F0D2}.Debug|Any CPU.ActiveCfg = Debug|Any CPU
		{AD8C5C45-EAF4-44F4-8C3B-C076F0F4F0D2}.Debug|Any CPU.Build.0 = Debug|Any CPU
		{AD8C5C45-EAF4-44F4-8C3B-C076F0F4F0D2}.Release|Any CPU.ActiveCfg = Release|Any CPU
		{AD8C5C45-EAF4-44F4-8C3B-C076F0F4F0D2}.Release|Any CPU.Build.0 = Release|Any CPU
		{B58F9386-2948-4835-8962-368A82CC26D9}.Debug|Any CPU.ActiveCfg = Debug|Any CPU
		{B58F9386-2948-4835-8962-368A82CC26D9}.Debug|Any CPU.Build.0 = Debug|Any CPU
		{B58F9386-2948-4835-8962-368A82CC26D9}.Release|Any CPU.ActiveCfg = Release|Any CPU
		{B58F9386-2948-4835-8962-368A82CC26D9}.Release|Any CPU.Build.0 = Release|Any CPU
		{0340A3FD-02A3-440D-B339-E9814492638E}.Debug|Any CPU.ActiveCfg = Debug|Any CPU
		{0340A3FD-02A3-440D-B339-E9814492638E}.Debug|Any CPU.Build.0 = Debug|Any CPU
		{0340A3FD-02A3-440D-B339-E9814492638E}.Release|Any CPU.ActiveCfg = Release|Any CPU
		{0340A3FD-02A3-440D-B339-E9814492638E}.Release|Any CPU.Build.0 = Release|Any CPU
		{21A5489B-2A56-4357-B570-E87E1DB9F3E6}.Debug|Any CPU.ActiveCfg = Debug|Any CPU
		{21A5489B-2A56-4357-B570-E87E1DB9F3E6}.Debug|Any CPU.Build.0 = Debug|Any CPU
		{21A5489B-2A56-4357-B570-E87E1DB9F3E6}.Release|Any CPU.ActiveCfg = Release|Any CPU
		{21A5489B-2A56-4357-B570-E87E1DB9F3E6}.Release|Any CPU.Build.0 = Release|Any CPU
		{A5724EBD-FE23-47B4-8B71-BEEE685983DC}.Debug|Any CPU.ActiveCfg = Debug|Any CPU
		{A5724EBD-FE23-47B4-8B71-BEEE685983DC}.Debug|Any CPU.Build.0 = Debug|Any CPU
		{A5724EBD-FE23-47B4-8B71-BEEE685983DC}.Release|Any CPU.ActiveCfg = Release|Any CPU
		{A5724EBD-FE23-47B4-8B71-BEEE685983DC}.Release|Any CPU.Build.0 = Release|Any CPU
		{A4931E8D-B8EF-496F-BFFE-7D5BDD8CCC21}.Debug|Any CPU.ActiveCfg = Debug|Any CPU
		{A4931E8D-B8EF-496F-BFFE-7D5BDD8CCC21}.Debug|Any CPU.Build.0 = Debug|Any CPU
		{A4931E8D-B8EF-496F-BFFE-7D5BDD8CCC21}.Release|Any CPU.ActiveCfg = Release|Any CPU
		{A4931E8D-B8EF-496F-BFFE-7D5BDD8CCC21}.Release|Any CPU.Build.0 = Release|Any CPU
		{A52D6130-B814-419A-9DD2-524B97512DE6}.Debug|Any CPU.ActiveCfg = Debug|Any CPU
		{A52D6130-B814-419A-9DD2-524B97512DE6}.Debug|Any CPU.Build.0 = Debug|Any CPU
		{A52D6130-B814-419A-9DD2-524B97512DE6}.Release|Any CPU.ActiveCfg = Release|Any CPU
		{A52D6130-B814-419A-9DD2-524B97512DE6}.Release|Any CPU.Build.0 = Release|Any CPU
		{4B62E13D-EFB1-43E1-96FA-810E390C9E13}.Debug|Any CPU.ActiveCfg = Debug|Any CPU
		{4B62E13D-EFB1-43E1-96FA-810E390C9E13}.Debug|Any CPU.Build.0 = Debug|Any CPU
		{4B62E13D-EFB1-43E1-96FA-810E390C9E13}.Release|Any CPU.ActiveCfg = Release|Any CPU
		{4B62E13D-EFB1-43E1-96FA-810E390C9E13}.Release|Any CPU.Build.0 = Release|Any CPU
		{83EF5B45-4876-484B-9ACC-4F059DC67E7A}.Debug|Any CPU.ActiveCfg = Debug|Any CPU
		{83EF5B45-4876-484B-9ACC-4F059DC67E7A}.Debug|Any CPU.Build.0 = Debug|Any CPU
		{83EF5B45-4876-484B-9ACC-4F059DC67E7A}.Release|Any CPU.ActiveCfg = Release|Any CPU
		{83EF5B45-4876-484B-9ACC-4F059DC67E7A}.Release|Any CPU.Build.0 = Release|Any CPU
		{2DCB17C6-F271-4CAE-98E1-FB31657B78FC}.Debug|Any CPU.ActiveCfg = Debug|Any CPU
		{2DCB17C6-F271-4CAE-98E1-FB31657B78FC}.Debug|Any CPU.Build.0 = Debug|Any CPU
		{2DCB17C6-F271-4CAE-98E1-FB31657B78FC}.Release|Any CPU.ActiveCfg = Release|Any CPU
		{2DCB17C6-F271-4CAE-98E1-FB31657B78FC}.Release|Any CPU.Build.0 = Release|Any CPU
		{543C6C85-A8B8-4A13-9123-A5EE35353794}.Debug|Any CPU.ActiveCfg = Debug|Any CPU
		{543C6C85-A8B8-4A13-9123-A5EE35353794}.Debug|Any CPU.Build.0 = Debug|Any CPU
		{543C6C85-A8B8-4A13-9123-A5EE35353794}.Release|Any CPU.ActiveCfg = Release|Any CPU
		{543C6C85-A8B8-4A13-9123-A5EE35353794}.Release|Any CPU.Build.0 = Release|Any CPU
		{2CB17517-D111-4DFE-9FDB-1730D2DE4F2D}.Debug|Any CPU.ActiveCfg = Debug|Any CPU
		{2CB17517-D111-4DFE-9FDB-1730D2DE4F2D}.Debug|Any CPU.Build.0 = Debug|Any CPU
		{2CB17517-D111-4DFE-9FDB-1730D2DE4F2D}.Release|Any CPU.ActiveCfg = Release|Any CPU
		{2CB17517-D111-4DFE-9FDB-1730D2DE4F2D}.Release|Any CPU.Build.0 = Release|Any CPU
		{AB630284-3CB8-4E5A-88C5-ECAFACE9F322}.Debug|Any CPU.ActiveCfg = Debug|Any CPU
		{AB630284-3CB8-4E5A-88C5-ECAFACE9F322}.Debug|Any CPU.Build.0 = Debug|Any CPU
		{AB630284-3CB8-4E5A-88C5-ECAFACE9F322}.Release|Any CPU.ActiveCfg = Release|Any CPU
		{AB630284-3CB8-4E5A-88C5-ECAFACE9F322}.Release|Any CPU.Build.0 = Release|Any CPU
		{C792E385-74C4-470E-A077-9D9374973ABD}.Debug|Any CPU.ActiveCfg = Debug|Any CPU
		{C792E385-74C4-470E-A077-9D9374973ABD}.Debug|Any CPU.Build.0 = Debug|Any CPU
		{C792E385-74C4-470E-A077-9D9374973ABD}.Release|Any CPU.ActiveCfg = Release|Any CPU
		{C792E385-74C4-470E-A077-9D9374973ABD}.Release|Any CPU.Build.0 = Release|Any CPU
		{02877F42-1497-4B9F-8A7E-199A7B51DF69}.Debug|Any CPU.ActiveCfg = Debug|Any CPU
		{02877F42-1497-4B9F-8A7E-199A7B51DF69}.Debug|Any CPU.Build.0 = Debug|Any CPU
		{02877F42-1497-4B9F-8A7E-199A7B51DF69}.Release|Any CPU.ActiveCfg = Release|Any CPU
		{02877F42-1497-4B9F-8A7E-199A7B51DF69}.Release|Any CPU.Build.0 = Release|Any CPU
		{A32184AA-E0B8-47FC-96A9-73415DCB344F}.Debug|Any CPU.ActiveCfg = Debug|Any CPU
		{A32184AA-E0B8-47FC-96A9-73415DCB344F}.Debug|Any CPU.Build.0 = Debug|Any CPU
		{A32184AA-E0B8-47FC-96A9-73415DCB344F}.Release|Any CPU.ActiveCfg = Release|Any CPU
		{A32184AA-E0B8-47FC-96A9-73415DCB344F}.Release|Any CPU.Build.0 = Release|Any CPU
	EndGlobalSection
	GlobalSection(SolutionProperties) = preSolution
		HideSolutionNode = FALSE
	EndGlobalSection
	GlobalSection(NestedProjects) = preSolution
		{A4B01CF8-C59F-4C74-A67B-24F47DE07C17} = {179D4B78-4D0B-4555-84A0-EB58CC8376FA}
		{B6DE123B-1D0E-488B-9921-34F935CE3AB5} = {CF5C1526-DA4D-4A18-93DC-48CBFE37E5D3}
		{7F050A2B-CCBA-4D15-8739-1D1CF3205916} = {CF5C1526-DA4D-4A18-93DC-48CBFE37E5D3}
		{EDF6325E-49DC-4CA8-8CFB-8B7C381187E6} = {CF5C1526-DA4D-4A18-93DC-48CBFE37E5D3}
		{80893830-605A-4EA0-BD29-07D403F7D62B} = {D69ABBC0-EF17-45A6-B2D0-D249249319B5}
		{27538EF2-8FC5-4F38-A7EF-BF4B5BC63936} = {B8B9AAAE-F975-4E2B-B27C-B3C9D430AF50}
		{F14B2B32-FA21-4F6D-B7E7-986750BACFD4} = {D69ABBC0-EF17-45A6-B2D0-D249249319B5}
		{2AC07AA3-7247-4017-A625-524428DC7A6C} = {179D4B78-4D0B-4555-84A0-EB58CC8376FA}
		{55426480-99A2-4136-A9E8-0BC301DDFE5B} = {E0884A4E-269B-45FE-BCE9-3B8EC55EDFEC}
		{A126D774-C758-413F-9C7A-62F3D0B18984} = {E0884A4E-269B-45FE-BCE9-3B8EC55EDFEC}
		{D0A63268-2F8A-42FC-8C97-8389BCB29FFE} = {E0884A4E-269B-45FE-BCE9-3B8EC55EDFEC}
		{FEA7C2C3-D1E5-418B-ADC3-A62422099799} = {E0884A4E-269B-45FE-BCE9-3B8EC55EDFEC}
		{42788321-608C-4489-884F-A1237A230C96} = {D69ABBC0-EF17-45A6-B2D0-D249249319B5}
		{26385C47-B410-40C9-89A0-9A462C8C7C2E} = {39C6926E-C793-4496-A332-75843DDFFB41}
		{3D10CF7A-237B-4FE5-9ACD-61D8F2CF10B6} = {39C6926E-C793-4496-A332-75843DDFFB41}
		{30311D6C-9AED-4634-A56E-40FAA8776FFE} = {26385C47-B410-40C9-89A0-9A462C8C7C2E}
		{AD8C5C45-EAF4-44F4-8C3B-C076F0F4F0D2} = {26385C47-B410-40C9-89A0-9A462C8C7C2E}
		{B58F9386-2948-4835-8962-368A82CC26D9} = {26385C47-B410-40C9-89A0-9A462C8C7C2E}
		{0340A3FD-02A3-440D-B339-E9814492638E} = {3D10CF7A-237B-4FE5-9ACD-61D8F2CF10B6}
		{21A5489B-2A56-4357-B570-E87E1DB9F3E6} = {4086EF81-43B3-4BF0-80F2-C1A54AC3C67C}
		{A5724EBD-FE23-47B4-8B71-BEEE685983DC} = {E0884A4E-269B-45FE-BCE9-3B8EC55EDFEC}
		{A4931E8D-B8EF-496F-BFFE-7D5BDD8CCC21} = {E0884A4E-269B-45FE-BCE9-3B8EC55EDFEC}
		{A52D6130-B814-419A-9DD2-524B97512DE6} = {E0884A4E-269B-45FE-BCE9-3B8EC55EDFEC}
		{4B62E13D-EFB1-43E1-96FA-810E390C9E13} = {E0884A4E-269B-45FE-BCE9-3B8EC55EDFEC}
		{A84EC631-EDBC-47FF-8A5C-8674747D0AF1} = {39C6926E-C793-4496-A332-75843DDFFB41}
		{83EF5B45-4876-484B-9ACC-4F059DC67E7A} = {A84EC631-EDBC-47FF-8A5C-8674747D0AF1}
		{2DCB17C6-F271-4CAE-98E1-FB31657B78FC} = {4086EF81-43B3-4BF0-80F2-C1A54AC3C67C}
		{543C6C85-A8B8-4A13-9123-A5EE35353794} = {B8B9AAAE-F975-4E2B-B27C-B3C9D430AF50}
		{2CB17517-D111-4DFE-9FDB-1730D2DE4F2D} = {B8B9AAAE-F975-4E2B-B27C-B3C9D430AF50}
		{6253DA20-1163-4D35-A88C-B905573E23FA} = {39C6926E-C793-4496-A332-75843DDFFB41}
		{AB630284-3CB8-4E5A-88C5-ECAFACE9F322} = {6253DA20-1163-4D35-A88C-B905573E23FA}
		{C792E385-74C4-470E-A077-9D9374973ABD} = {6253DA20-1163-4D35-A88C-B905573E23FA}
		{02877F42-1497-4B9F-8A7E-199A7B51DF69} = {6253DA20-1163-4D35-A88C-B905573E23FA}
		{A32184AA-E0B8-47FC-96A9-73415DCB344F} = {6253DA20-1163-4D35-A88C-B905573E23FA}
		{87211A6F-3224-401F-81B2-0D063B31E389} = {6253DA20-1163-4D35-A88C-B905573E23FA}
	EndGlobalSection
EndGlobal
